
Microsoft Visual Studio Solution File, Format Version 12.00
# Visual Studio Version 16
VisualStudioVersion = 16.0.29905.134
MinimumVisualStudioVersion = 10.0.40219.1
Project("{FAE04EC0-301F-11D3-BF4B-00C04F79EFBC}") = "ReporteInformesCordial", "ReporteInformesCordial\ReporteInformesCordial.csproj", "{1994F0B6-A14A-4849-A05A-2F0D10C8B241}"
EndProject
Global
	GlobalSection(SolutionConfigurationPlatforms) = preSolution
		Debug|Any CPU = Debug|Any CPU
		Release|Any CPU = Release|Any CPU
	EndGlobalSection
	GlobalSection(ProjectConfigurationPlatforms) = postSolution
		{1994F0B6-A14A-4849-A05A-2F0D10C8B241}.Debug|Any CPU.ActiveCfg = Debug|Any CPU
		{1994F0B6-A14A-4849-A05A-2F0D10C8B241}.Debug|Any CPU.Build.0 = Debug|Any CPU
		{1994F0B6-A14A-4849-A05A-2F0D10C8B241}.Release|Any CPU.ActiveCfg = Release|Any CPU
		{1994F0B6-A14A-4849-A05A-2F0D10C8B241}.Release|Any CPU.Build.0 = Release|Any CPU
	EndGlobalSection
	GlobalSection(SolutionProperties) = preSolution
		HideSolutionNode = FALSE
	EndGlobalSection
	GlobalSection(ExtensibilityGlobals) = postSolution
		SolutionGuid = {0B003815-91FE-4E8D-80A1-DE191EAE6E4E}
	EndGlobalSection
EndGlobal
